
Microsoft Visual Studio Solution File, Format Version 12.00
# Visual Studio 15
VisualStudioVersion = 15.0.27004.2006
MinimumVisualStudioVersion = 10.0.40219.1
Project("{FAE04EC0-301F-11D3-BF4B-00C04F79EFBC}") = "ServiceConsole", "ServiceConsole.csproj", "{3BD0FDEA-19AC-4DD5-9D74-FEAB8D55E446}"
EndProject
Global
	GlobalSection(SolutionConfigurationPlatforms) = preSolution
		Debug|Any CPU = Debug|Any CPU
		Release|Any CPU = Release|Any CPU
	EndGlobalSection
	GlobalSection(ProjectConfigurationPlatforms) = postSolution
		{3BD0FDEA-19AC-4DD5-9D74-FEAB8D55E446}.Debug|Any CPU.ActiveCfg = Debug|Any CPU
		{3BD0FDEA-19AC-4DD5-9D74-FEAB8D55E446}.Debug|Any CPU.Build.0 = Debug|Any CPU
		{3BD0FDEA-19AC-4DD5-9D74-FEAB8D55E446}.Release|Any CPU.ActiveCfg = Release|Any CPU
		{3BD0FDEA-19AC-4DD5-9D74-FEAB8D55E446}.Release|Any CPU.Build.0 = Release|Any CPU
	EndGlobalSection
	GlobalSection(SolutionProperties) = preSolution
		HideSolutionNode = FALSE
	EndGlobalSection
	GlobalSection(ExtensibilityGlobals) = postSolution
		SolutionGuid = {77EADBD8-8C5D-43DB-AF44-EC134EE4266A}
	EndGlobalSection
EndGlobal
